<?xml version="1.0" encoding="utf-8"?>
<Project ToolsVersion="4.0" xmlns="http://schemas.microsoft.com/developer/msbuild/2003">
  <ItemGroup>
    <ClCompile Include="..\Common\d3dApp.cpp" />
    <ClCompile Include="..\Common\d3dUtil.cpp" />
    <ClCompile Include="..\Common\GameTimer.cpp" />
    <ClCompile Include="..\Common\GeometryGenerator.cpp" />
    <ClCompile Include="..\Common\MathHelper.cpp" />
    <ClCompile Include="Camera.cpp" />
    <ClCompile Include="DDSTextureLoader.cpp" />
    <ClCompile Include="FbxLoader.cpp" />
    <ClCompile Include="FrameResource.cpp" />
    <ClCompile Include="DirecX12-UIApp.cpp" />
    <ClCompile Include="SkinnedData.cpp" />
    <ClCompile Include="TextureLoader.cpp" />
  </ItemGroup>
  <ItemGroup>
    <ClInclude Include="..\Common\d3dApp.h" />
    <ClInclude Include="..\Common\d3dUtil.h" />
    <ClInclude Include="..\Common\d3dx12.h" />
    <ClInclude Include="..\Common\GameTimer.h" />
    <ClInclude Include="..\Common\GeometryGenerator.h" />
    <ClInclude Include="..\Common\MathHelper.h" />
    <ClInclude Include="..\Common\UploadBuffer.h" />
    <ClInclude Include="Camera.h" />
    <ClInclude Include="DDSTextureLoader.h" />
    <ClInclude Include="FbxLoader.h" />
    <ClInclude Include="FrameResource.h" />
    <ClInclude Include="DirecX12-UIApp.h" />
    <ClInclude Include="SkinnedData.h" />
    <ClInclude Include="TextureLoader.h" />
    <ClInclude Include="VertexHash.h" />
  </ItemGroup>
  <ItemGroup>
    <Filter Include="Header Files">
      <UniqueIdentifier>{6d1388b0-d4c7-48df-9f9c-a3efbca7edcb}</UniqueIdentifier>
    </Filter>
  </ItemGroup>
</Project>